
Microsoft Visual Studio Solution File, Format Version 12.00
# Visual Studio Version 17
VisualStudioVersion = 17.9.34607.119
MinimumVisualStudioVersion = 10.0.40219.1
Project("{9A19103F-16F7-4668-BE54-9A1E7A4F7556}") = "MediConnect.API", "MediConnect.API\MediConnect.API.csproj", "{5DB3B77B-A956-45C4-863B-63D3EA5B2B4B}"
EndProject
Project("{9A19103F-16F7-4668-BE54-9A1E7A4F7556}") = "Domain", "Domain\Domain.csproj", "{DE527F78-84EA-4E23-A7C9-9AABA48C7217}"
EndProject
Project("{9A19103F-16F7-4668-BE54-9A1E7A4F7556}") = "Persistence", "Persistence\Persistence.csproj", "{C57646F1-3B04-4F81-951A-D63D321D58B9}"
EndProject
Project("{9A19103F-16F7-4668-BE54-9A1E7A4F7556}") = "Application", "Application\Application.csproj", "{083CE047-B6CE-4B89-AB0E-927BECEDE6BF}"
EndProject
Project("{FAE04EC0-301F-11D3-BF4B-00C04F79EFBC}") = "Tests", "Tests\Tests.csproj", "{3B5B2F6B-38E8-475D-94C4-B54FD5694936}"
EndProject
Global
	GlobalSection(SolutionConfigurationPlatforms) = preSolution
		Debug|Any CPU = Debug|Any CPU
		Release|Any CPU = Release|Any CPU
	EndGlobalSection
	GlobalSection(ProjectConfigurationPlatforms) = postSolution
		{5DB3B77B-A956-45C4-863B-63D3EA5B2B4B}.Debug|Any CPU.ActiveCfg = Debug|Any CPU
		{5DB3B77B-A956-45C4-863B-63D3EA5B2B4B}.Debug|Any CPU.Build.0 = Debug|Any CPU
		{5DB3B77B-A956-45C4-863B-63D3EA5B2B4B}.Release|Any CPU.ActiveCfg = Release|Any CPU
		{5DB3B77B-A956-45C4-863B-63D3EA5B2B4B}.Release|Any CPU.Build.0 = Release|Any CPU
		{DE527F78-84EA-4E23-A7C9-9AABA48C7217}.Debug|Any CPU.ActiveCfg = Debug|Any CPU
		{DE527F78-84EA-4E23-A7C9-9AABA48C7217}.Debug|Any CPU.Build.0 = Debug|Any CPU
		{DE527F78-84EA-4E23-A7C9-9AABA48C7217}.Release|Any CPU.ActiveCfg = Release|Any CPU
		{DE527F78-84EA-4E23-A7C9-9AABA48C7217}.Release|Any CPU.Build.0 = Release|Any CPU
		{C57646F1-3B04-4F81-951A-D63D321D58B9}.Debug|Any CPU.ActiveCfg = Debug|Any CPU
		{C57646F1-3B04-4F81-951A-D63D321D58B9}.Debug|Any CPU.Build.0 = Debug|Any CPU
		{C57646F1-3B04-4F81-951A-D63D321D58B9}.Release|Any CPU.ActiveCfg = Release|Any CPU
		{C57646F1-3B04-4F81-951A-D63D321D58B9}.Release|Any CPU.Build.0 = Release|Any CPU
		{083CE047-B6CE-4B89-AB0E-927BECEDE6BF}.Debug|Any CPU.ActiveCfg = Debug|Any CPU
		{083CE047-B6CE-4B89-AB0E-927BECEDE6BF}.Debug|Any CPU.Build.0 = Debug|Any CPU
		{083CE047-B6CE-4B89-AB0E-927BECEDE6BF}.Release|Any CPU.ActiveCfg = Release|Any CPU
		{083CE047-B6CE-4B89-AB0E-927BECEDE6BF}.Release|Any CPU.Build.0 = Release|Any CPU
		{3B5B2F6B-38E8-475D-94C4-B54FD5694936}.Debug|Any CPU.ActiveCfg = Debug|Any CPU
		{3B5B2F6B-38E8-475D-94C4-B54FD5694936}.Debug|Any CPU.Build.0 = Debug|Any CPU
		{3B5B2F6B-38E8-475D-94C4-B54FD5694936}.Release|Any CPU.ActiveCfg = Release|Any CPU
		{3B5B2F6B-38E8-475D-94C4-B54FD5694936}.Release|Any CPU.Build.0 = Release|Any CPU
	EndGlobalSection
	GlobalSection(SolutionProperties) = preSolution
		HideSolutionNode = FALSE
	EndGlobalSection
	GlobalSection(ExtensibilityGlobals) = postSolution
		SolutionGuid = {5983F04E-B78A-4CCD-8A16-C07D723DE7A7}
	EndGlobalSection
EndGlobal
